{
  "name": "pulse-eco-garmin-widget",
  "version": "0.0.0",
  "lockfileVersion": 3,
  "requires": true,
  "packages": {
    "": {
      "version": "0.0.0",
      "devDependencies": {
        "@markw65/prettier-plugin-monkeyc": "1.0.53"
      }
    },
    "node_modules/@markw65/peggy-optimizer": {
      "version": "1.0.1",
      "resolved": "https://registry.npmjs.org/@markw65/peggy-optimizer/-/peggy-optimizer-1.0.1.tgz",
      "integrity": "sha512-auzZVaBzrRvYY5UdPuL9cFCQKQ/wbMu1bUEu0ScCL+oefQqTplMZkOuhM5QrmGTtLiBNT+sdZSxf1jHTi359RA==",
      "dev": true
    },
    "node_modules/@markw65/prettier-plugin-monkeyc": {
      "version": "1.0.53",
      "resolved": "https://registry.npmjs.org/@markw65/prettier-plugin-monkeyc/-/prettier-plugin-monkeyc-1.0.53.tgz",
      "integrity": "sha512-LD2O7q4tI1YLWyhgeH6CR3QgsRLI/xuWiXt+UzDcQ4kdLsYtbf0s9sNDqsyJZbX/5oCi2EjDetZJprsN+zvyuQ==",
      "dev": true,
      "dependencies": {
        "@markw65/peggy-optimizer": "^1.0.1"
      },
      "peerDependencies": {
        "prettier": ">2.5.1"
      }
    },
    "node_modules/prettier": {
      "version": "3.1.1",
      "resolved": "https://registry.npmjs.org/prettier/-/prettier-3.1.1.tgz",
      "integrity": "sha512-22UbSzg8luF4UuZtzgiUOfcGM8s4tjBv6dJRT7j275NXsy2jb4aJa4NNveul5x4eqlF1wuhuR2RElK71RvmVaw==",
      "dev": true,
      "peer": true,
      "bin": {
        "prettier": "bin/prettier.cjs"
      },
      "engines": {
        "node": ">=14"
      },
      "funding": {
        "url": "https://github.com/prettier/prettier?sponsor=1"
      }
    }
  }
}
